
Microsoft Visual Studio Solution File, Format Version 12.00
# Visual Studio Version 16
VisualStudioVersion = 16.0.30804.86
MinimumVisualStudioVersion = 10.0.40219.1
Project("{9A19103F-16F7-4668-BE54-9A1E7A4F7556}") = "DataAccess", "DataAccess\DataAccess.csproj", "{CE3EC81D-C613-45B9-B75D-947DD8282B6F}"
EndProject
Project("{9A19103F-16F7-4668-BE54-9A1E7A4F7556}") = "Business", "Business\Business.csproj", "{572E5CED-8FCA-4ED1-A1A1-2DC307854506}"
EndProject
Project("{9A19103F-16F7-4668-BE54-9A1E7A4F7556}") = "Entities", "Entities\Entities.csproj", "{627D51F8-B58F-4365-A70B-8768FC495C7A}"
EndProject
Project("{9A19103F-16F7-4668-BE54-9A1E7A4F7556}") = "ConsoleUI", "ConsoleUI\ConsoleUI.csproj", "{C72EED6C-57A3-4379-8C2F-A7D3B2BD8381}"
EndProject
Project("{9A19103F-16F7-4668-BE54-9A1E7A4F7556}") = "Core", "Core\Core.csproj", "{326232F8-787D-42AF-A779-921AC9031136}"
EndProject
Project("{FAE04EC0-301F-11D3-BF4B-00C04F79EFBC}") = "WebAPI", "WebAPI\WebAPI.csproj", "{A3D06A6B-585A-4B22-87F1-916643DFE41D}"
EndProject
Global
	GlobalSection(SolutionConfigurationPlatforms) = preSolution
		Debug|Any CPU = Debug|Any CPU
		Release|Any CPU = Release|Any CPU
	EndGlobalSection
	GlobalSection(ProjectConfigurationPlatforms) = postSolution
		{CE3EC81D-C613-45B9-B75D-947DD8282B6F}.Debug|Any CPU.ActiveCfg = Debug|Any CPU
		{CE3EC81D-C613-45B9-B75D-947DD8282B6F}.Debug|Any CPU.Build.0 = Debug|Any CPU
		{CE3EC81D-C613-45B9-B75D-947DD8282B6F}.Release|Any CPU.ActiveCfg = Release|Any CPU
		{CE3EC81D-C613-45B9-B75D-947DD8282B6F}.Release|Any CPU.Build.0 = Release|Any CPU
		{572E5CED-8FCA-4ED1-A1A1-2DC307854506}.Debug|Any CPU.ActiveCfg = Debug|Any CPU
		{572E5CED-8FCA-4ED1-A1A1-2DC307854506}.Debug|Any CPU.Build.0 = Debug|Any CPU
		{572E5CED-8FCA-4ED1-A1A1-2DC307854506}.Release|Any CPU.ActiveCfg = Release|Any CPU
		{572E5CED-8FCA-4ED1-A1A1-2DC307854506}.Release|Any CPU.Build.0 = Release|Any CPU
		{627D51F8-B58F-4365-A70B-8768FC495C7A}.Debug|Any CPU.ActiveCfg = Debug|Any CPU
		{627D51F8-B58F-4365-A70B-8768FC495C7A}.Debug|Any CPU.Build.0 = Debug|Any CPU
		{627D51F8-B58F-4365-A70B-8768FC495C7A}.Release|Any CPU.ActiveCfg = Release|Any CPU
		{627D51F8-B58F-4365-A70B-8768FC495C7A}.Release|Any CPU.Build.0 = Release|Any CPU
		{C72EED6C-57A3-4379-8C2F-A7D3B2BD8381}.Debug|Any CPU.ActiveCfg = Debug|Any CPU
		{C72EED6C-57A3-4379-8C2F-A7D3B2BD8381}.Debug|Any CPU.Build.0 = Debug|Any CPU
		{C72EED6C-57A3-4379-8C2F-A7D3B2BD8381}.Release|Any CPU.ActiveCfg = Release|Any CPU
		{C72EED6C-57A3-4379-8C2F-A7D3B2BD8381}.Release|Any CPU.Build.0 = Release|Any CPU
		{326232F8-787D-42AF-A779-921AC9031136}.Debug|Any CPU.ActiveCfg = Debug|Any CPU
		{326232F8-787D-42AF-A779-921AC9031136}.Debug|Any CPU.Build.0 = Debug|Any CPU
		{326232F8-787D-42AF-A779-921AC9031136}.Release|Any CPU.ActiveCfg = Release|Any CPU
		{326232F8-787D-42AF-A779-921AC9031136}.Release|Any CPU.Build.0 = Release|Any CPU
		{A3D06A6B-585A-4B22-87F1-916643DFE41D}.Debug|Any CPU.ActiveCfg = Debug|Any CPU
		{A3D06A6B-585A-4B22-87F1-916643DFE41D}.Debug|Any CPU.Build.0 = Debug|Any CPU
		{A3D06A6B-585A-4B22-87F1-916643DFE41D}.Release|Any CPU.ActiveCfg = Release|Any CPU
		{A3D06A6B-585A-4B22-87F1-916643DFE41D}.Release|Any CPU.Build.0 = Release|Any CPU
	EndGlobalSection
	GlobalSection(SolutionProperties) = preSolution
		HideSolutionNode = FALSE
	EndGlobalSection
	GlobalSection(ExtensibilityGlobals) = postSolution
		SolutionGuid = {1AA7D7B3-DD2C-417B-A496-91D1C0082AAB}
	EndGlobalSection
EndGlobal
